
Microsoft Visual Studio Solution File, Format Version 12.00
# Visual Studio Version 16
VisualStudioVersion = 16.0.30309.148
MinimumVisualStudioVersion = 10.0.40219.1
Project("{FAE04EC0-301F-11D3-BF4B-00C04F79EFBC}") = "LesPizzas", "LesPizzas.csproj", "{DB5094DB-748B-4BB0-A544-06754AD65340}"
EndProject
Global
	GlobalSection(SolutionConfigurationPlatforms) = preSolution
		Debug|Any CPU = Debug|Any CPU
		Release|Any CPU = Release|Any CPU
	EndGlobalSection
	GlobalSection(ProjectConfigurationPlatforms) = postSolution
		{DB5094DB-748B-4BB0-A544-06754AD65340}.Debug|Any CPU.ActiveCfg = Debug|Any CPU
		{DB5094DB-748B-4BB0-A544-06754AD65340}.Debug|Any CPU.Build.0 = Debug|Any CPU
		{DB5094DB-748B-4BB0-A544-06754AD65340}.Release|Any CPU.ActiveCfg = Release|Any CPU
		{DB5094DB-748B-4BB0-A544-06754AD65340}.Release|Any CPU.Build.0 = Release|Any CPU
	EndGlobalSection
	GlobalSection(SolutionProperties) = preSolution
		HideSolutionNode = FALSE
	EndGlobalSection
	GlobalSection(ExtensibilityGlobals) = postSolution
		SolutionGuid = {4D26F1DA-9B56-437F-BE1C-1DB51B6FFC2D}
	EndGlobalSection
EndGlobal
